{
  "name": "@vue/apollo-ssr",
  "version": "4.0.0-alpha.6",
  "lockfileVersion": 1,
  "requires": true,
  "dependencies": {
    "serialize-javascript": {
      "version": "2.1.2",
      "resolved": "https://registry.npmjs.org/serialize-javascript/-/serialize-javascript-2.1.2.tgz",
      "integrity": "sha512-rs9OggEUF0V4jUSecXazOYsLfu7OGK2qIn3c7IPBiffz32XniEp/TX9Xmc9LQfK2nQ2QKHvZ2oygKUGU0lG4jQ=="
    },
    "typescript": {
      "version": "3.9.7",
      "resolved": "https://registry.npmjs.org/typescript/-/typescript-3.9.7.tgz",
      "integrity": "sha512-BLbiRkiBzAwsjut4x/dsibSTB6yWpwT5qWmC2OfuCg3GgVQCSgMs4vEctYPhsaGtd0AeuuHMkjZ2h2WG8MSzRw==",
      "dev": true
    }
  }
}
